
Microsoft Visual Studio Solution File, Format Version 12.00
# Visual Studio 2013
VisualStudioVersion = 12.0.21005.1
MinimumVisualStudioVersion = 10.0.40219.1
Project("{FAE04EC0-301F-11D3-BF4B-00C04F79EFBC}") = "Task01", "Task01\Task01.csproj", "{A8F2BAF8-E013-465B-A0CC-3BC1517DC24C}"
EndProject
Project("{FAE04EC0-301F-11D3-BF4B-00C04F79EFBC}") = "Task02", "Task02\Task02.csproj", "{E3035B9B-3A90-44C6-937A-21587693B426}"
EndProject
Project("{FAE04EC0-301F-11D3-BF4B-00C04F79EFBC}") = "Task03", "Task03\Task03.csproj", "{95E44226-96B4-4796-97C3-1B08494EDF44}"
EndProject
Global
	GlobalSection(SolutionConfigurationPlatforms) = preSolution
		Debug|Any CPU = Debug|Any CPU
		Release|Any CPU = Release|Any CPU
	EndGlobalSection
	GlobalSection(ProjectConfigurationPlatforms) = postSolution
		{A8F2BAF8-E013-465B-A0CC-3BC1517DC24C}.Debug|Any CPU.ActiveCfg = Debug|Any CPU
		{A8F2BAF8-E013-465B-A0CC-3BC1517DC24C}.Debug|Any CPU.Build.0 = Debug|Any CPU
		{A8F2BAF8-E013-465B-A0CC-3BC1517DC24C}.Release|Any CPU.ActiveCfg = Release|Any CPU
		{A8F2BAF8-E013-465B-A0CC-3BC1517DC24C}.Release|Any CPU.Build.0 = Release|Any CPU
		{E3035B9B-3A90-44C6-937A-21587693B426}.Debug|Any CPU.ActiveCfg = Debug|Any CPU
		{E3035B9B-3A90-44C6-937A-21587693B426}.Debug|Any CPU.Build.0 = Debug|Any CPU
		{E3035B9B-3A90-44C6-937A-21587693B426}.Release|Any CPU.ActiveCfg = Release|Any CPU
		{E3035B9B-3A90-44C6-937A-21587693B426}.Release|Any CPU.Build.0 = Release|Any CPU
		{95E44226-96B4-4796-97C3-1B08494EDF44}.Debug|Any CPU.ActiveCfg = Debug|Any CPU
		{95E44226-96B4-4796-97C3-1B08494EDF44}.Debug|Any CPU.Build.0 = Debug|Any CPU
		{95E44226-96B4-4796-97C3-1B08494EDF44}.Release|Any CPU.ActiveCfg = Release|Any CPU
		{95E44226-96B4-4796-97C3-1B08494EDF44}.Release|Any CPU.Build.0 = Release|Any CPU
	EndGlobalSection
	GlobalSection(SolutionProperties) = preSolution
		HideSolutionNode = FALSE
	EndGlobalSection
EndGlobal
