
Microsoft Visual Studio Solution File, Format Version 12.00
# Visual Studio 2012
Project("{FAE04EC0-301F-11D3-BF4B-00C04F79EFBC}") = "IfConstruction", "IfConstruction\IfConstruction.csproj", "{BD8874AF-2699-498D-9F1D-02BF78A924A6}"
EndProject
Project("{FAE04EC0-301F-11D3-BF4B-00C04F79EFBC}") = "IfElseConstruction", "IfElseConstruction\IfElseConstruction.csproj", "{A6275166-8A82-498D-AE42-F830948D1246}"
EndProject
Project("{FAE04EC0-301F-11D3-BF4B-00C04F79EFBC}") = "SwitchConstruction", "SwitchConstruction\SwitchConstruction.csproj", "{1B3315CF-B15B-4D87-9648-4DCEE9FC2B38}"
EndProject
Project("{FAE04EC0-301F-11D3-BF4B-00C04F79EFBC}") = "NestedIfConstruction", "NestedIfConstruction\NestedIfConstruction.csproj", "{F5DE65A7-43C1-4C88-8A6D-81596A403D29}"
EndProject
Project("{FAE04EC0-301F-11D3-BF4B-00C04F79EFBC}") = "Task", "Task\Task.csproj", "{09DF3F65-66A4-4F4F-8982-037BAEC8B6E1}"
EndProject
Global
	GlobalSection(SolutionConfigurationPlatforms) = preSolution
		Debug|Any CPU = Debug|Any CPU
		Release|Any CPU = Release|Any CPU
	EndGlobalSection
	GlobalSection(ProjectConfigurationPlatforms) = postSolution
		{BD8874AF-2699-498D-9F1D-02BF78A924A6}.Debug|Any CPU.ActiveCfg = Debug|Any CPU
		{BD8874AF-2699-498D-9F1D-02BF78A924A6}.Debug|Any CPU.Build.0 = Debug|Any CPU
		{BD8874AF-2699-498D-9F1D-02BF78A924A6}.Release|Any CPU.ActiveCfg = Release|Any CPU
		{BD8874AF-2699-498D-9F1D-02BF78A924A6}.Release|Any CPU.Build.0 = Release|Any CPU
		{A6275166-8A82-498D-AE42-F830948D1246}.Debug|Any CPU.ActiveCfg = Debug|Any CPU
		{A6275166-8A82-498D-AE42-F830948D1246}.Debug|Any CPU.Build.0 = Debug|Any CPU
		{A6275166-8A82-498D-AE42-F830948D1246}.Release|Any CPU.ActiveCfg = Release|Any CPU
		{A6275166-8A82-498D-AE42-F830948D1246}.Release|Any CPU.Build.0 = Release|Any CPU
		{1B3315CF-B15B-4D87-9648-4DCEE9FC2B38}.Debug|Any CPU.ActiveCfg = Debug|Any CPU
		{1B3315CF-B15B-4D87-9648-4DCEE9FC2B38}.Debug|Any CPU.Build.0 = Debug|Any CPU
		{1B3315CF-B15B-4D87-9648-4DCEE9FC2B38}.Release|Any CPU.ActiveCfg = Release|Any CPU
		{1B3315CF-B15B-4D87-9648-4DCEE9FC2B38}.Release|Any CPU.Build.0 = Release|Any CPU
		{F5DE65A7-43C1-4C88-8A6D-81596A403D29}.Debug|Any CPU.ActiveCfg = Debug|Any CPU
		{F5DE65A7-43C1-4C88-8A6D-81596A403D29}.Debug|Any CPU.Build.0 = Debug|Any CPU
		{F5DE65A7-43C1-4C88-8A6D-81596A403D29}.Release|Any CPU.ActiveCfg = Release|Any CPU
		{F5DE65A7-43C1-4C88-8A6D-81596A403D29}.Release|Any CPU.Build.0 = Release|Any CPU
		{09DF3F65-66A4-4F4F-8982-037BAEC8B6E1}.Debug|Any CPU.ActiveCfg = Debug|Any CPU
		{09DF3F65-66A4-4F4F-8982-037BAEC8B6E1}.Debug|Any CPU.Build.0 = Debug|Any CPU
		{09DF3F65-66A4-4F4F-8982-037BAEC8B6E1}.Release|Any CPU.ActiveCfg = Release|Any CPU
		{09DF3F65-66A4-4F4F-8982-037BAEC8B6E1}.Release|Any CPU.Build.0 = Release|Any CPU
	EndGlobalSection
	GlobalSection(SolutionProperties) = preSolution
		HideSolutionNode = FALSE
	EndGlobalSection
EndGlobal
