
Microsoft Visual Studio Solution File, Format Version 12.00
# Visual Studio 2013
VisualStudioVersion = 12.0.21005.1
MinimumVisualStudioVersion = 10.0.40219.1
Project("{FAE04EC0-301F-11D3-BF4B-00C04F79EFBC}") = "Array", "Array\Array.csproj", "{21C64DF4-6505-4D99-A605-75203FF0BF84}"
EndProject
Project("{FAE04EC0-301F-11D3-BF4B-00C04F79EFBC}") = "ForEach", "ForEach\ForEach.csproj", "{6E7AFBF3-E8AF-4971-9FC3-C50BE609F2A7}"
EndProject
Global
	GlobalSection(SolutionConfigurationPlatforms) = preSolution
		Debug|Any CPU = Debug|Any CPU
		Release|Any CPU = Release|Any CPU
	EndGlobalSection
	GlobalSection(ProjectConfigurationPlatforms) = postSolution
		{21C64DF4-6505-4D99-A605-75203FF0BF84}.Debug|Any CPU.ActiveCfg = Debug|Any CPU
		{21C64DF4-6505-4D99-A605-75203FF0BF84}.Debug|Any CPU.Build.0 = Debug|Any CPU
		{21C64DF4-6505-4D99-A605-75203FF0BF84}.Release|Any CPU.ActiveCfg = Release|Any CPU
		{21C64DF4-6505-4D99-A605-75203FF0BF84}.Release|Any CPU.Build.0 = Release|Any CPU
		{6E7AFBF3-E8AF-4971-9FC3-C50BE609F2A7}.Debug|Any CPU.ActiveCfg = Debug|Any CPU
		{6E7AFBF3-E8AF-4971-9FC3-C50BE609F2A7}.Debug|Any CPU.Build.0 = Debug|Any CPU
		{6E7AFBF3-E8AF-4971-9FC3-C50BE609F2A7}.Release|Any CPU.ActiveCfg = Release|Any CPU
		{6E7AFBF3-E8AF-4971-9FC3-C50BE609F2A7}.Release|Any CPU.Build.0 = Release|Any CPU
	EndGlobalSection
	GlobalSection(SolutionProperties) = preSolution
		HideSolutionNode = FALSE
	EndGlobalSection
EndGlobal
