
Microsoft Visual Studio Solution File, Format Version 12.00
# Visual Studio 2013
VisualStudioVersion = 12.0.21005.1
MinimumVisualStudioVersion = 10.0.40219.1
Project("{FAE04EC0-301F-11D3-BF4B-00C04F79EFBC}") = "OurFirstArray", "OurFirstArray\OurFirstArray.csproj", "{B8EE3B62-7312-4664-8370-409AC81E61E5}"
EndProject
Project("{FAE04EC0-301F-11D3-BF4B-00C04F79EFBC}") = "StringArray", "StringArray\StringArray.csproj", "{68A45291-D837-404F-8211-FF44FEE156DE}"
EndProject
Project("{FAE04EC0-301F-11D3-BF4B-00C04F79EFBC}") = "ForEach", "ForEach\ForEach.csproj", "{96B26E71-1A30-47F5-8E95-2118F0872259}"
EndProject
Project("{FAE04EC0-301F-11D3-BF4B-00C04F79EFBC}") = "SymetricArray", "SymetricArray\SymetricArray.csproj", "{67D33793-A0E8-4332-9FA4-C42F7A7D0B3E}"
EndProject
Project("{FAE04EC0-301F-11D3-BF4B-00C04F79EFBC}") = "ReverseArray", "ReverseArray\ReverseArray.csproj", "{A0AEEECB-2C8C-4BA9-B62F-E3A565BE35C8}"
EndProject
Project("{FAE04EC0-301F-11D3-BF4B-00C04F79EFBC}") = "CopyArray", "CopyArray\CopyArray.csproj", "{2BBEB6C8-37A1-43D2-86AF-BCF799BA3296}"
EndProject
Project("{FAE04EC0-301F-11D3-BF4B-00C04F79EFBC}") = "Matrix", "Matrix\Matrix.csproj", "{B1AB250A-0C5A-4EBF-8465-550EE3FB83D5}"
EndProject
Project("{FAE04EC0-301F-11D3-BF4B-00C04F79EFBC}") = "Matrix4x4", "Matrix4x4\Matrix4x4.csproj", "{AAA384CD-CBBF-4714-9C39-57D474C9CE9F}"
EndProject
Global
	GlobalSection(SolutionConfigurationPlatforms) = preSolution
		Debug|Any CPU = Debug|Any CPU
		Release|Any CPU = Release|Any CPU
	EndGlobalSection
	GlobalSection(ProjectConfigurationPlatforms) = postSolution
		{B8EE3B62-7312-4664-8370-409AC81E61E5}.Debug|Any CPU.ActiveCfg = Debug|Any CPU
		{B8EE3B62-7312-4664-8370-409AC81E61E5}.Debug|Any CPU.Build.0 = Debug|Any CPU
		{B8EE3B62-7312-4664-8370-409AC81E61E5}.Release|Any CPU.ActiveCfg = Release|Any CPU
		{B8EE3B62-7312-4664-8370-409AC81E61E5}.Release|Any CPU.Build.0 = Release|Any CPU
		{68A45291-D837-404F-8211-FF44FEE156DE}.Debug|Any CPU.ActiveCfg = Debug|Any CPU
		{68A45291-D837-404F-8211-FF44FEE156DE}.Debug|Any CPU.Build.0 = Debug|Any CPU
		{68A45291-D837-404F-8211-FF44FEE156DE}.Release|Any CPU.ActiveCfg = Release|Any CPU
		{68A45291-D837-404F-8211-FF44FEE156DE}.Release|Any CPU.Build.0 = Release|Any CPU
		{96B26E71-1A30-47F5-8E95-2118F0872259}.Debug|Any CPU.ActiveCfg = Debug|Any CPU
		{96B26E71-1A30-47F5-8E95-2118F0872259}.Debug|Any CPU.Build.0 = Debug|Any CPU
		{96B26E71-1A30-47F5-8E95-2118F0872259}.Release|Any CPU.ActiveCfg = Release|Any CPU
		{96B26E71-1A30-47F5-8E95-2118F0872259}.Release|Any CPU.Build.0 = Release|Any CPU
		{67D33793-A0E8-4332-9FA4-C42F7A7D0B3E}.Debug|Any CPU.ActiveCfg = Debug|Any CPU
		{67D33793-A0E8-4332-9FA4-C42F7A7D0B3E}.Debug|Any CPU.Build.0 = Debug|Any CPU
		{67D33793-A0E8-4332-9FA4-C42F7A7D0B3E}.Release|Any CPU.ActiveCfg = Release|Any CPU
		{67D33793-A0E8-4332-9FA4-C42F7A7D0B3E}.Release|Any CPU.Build.0 = Release|Any CPU
		{A0AEEECB-2C8C-4BA9-B62F-E3A565BE35C8}.Debug|Any CPU.ActiveCfg = Debug|Any CPU
		{A0AEEECB-2C8C-4BA9-B62F-E3A565BE35C8}.Debug|Any CPU.Build.0 = Debug|Any CPU
		{A0AEEECB-2C8C-4BA9-B62F-E3A565BE35C8}.Release|Any CPU.ActiveCfg = Release|Any CPU
		{A0AEEECB-2C8C-4BA9-B62F-E3A565BE35C8}.Release|Any CPU.Build.0 = Release|Any CPU
		{2BBEB6C8-37A1-43D2-86AF-BCF799BA3296}.Debug|Any CPU.ActiveCfg = Debug|Any CPU
		{2BBEB6C8-37A1-43D2-86AF-BCF799BA3296}.Debug|Any CPU.Build.0 = Debug|Any CPU
		{2BBEB6C8-37A1-43D2-86AF-BCF799BA3296}.Release|Any CPU.ActiveCfg = Release|Any CPU
		{2BBEB6C8-37A1-43D2-86AF-BCF799BA3296}.Release|Any CPU.Build.0 = Release|Any CPU
		{B1AB250A-0C5A-4EBF-8465-550EE3FB83D5}.Debug|Any CPU.ActiveCfg = Debug|Any CPU
		{B1AB250A-0C5A-4EBF-8465-550EE3FB83D5}.Debug|Any CPU.Build.0 = Debug|Any CPU
		{B1AB250A-0C5A-4EBF-8465-550EE3FB83D5}.Release|Any CPU.ActiveCfg = Release|Any CPU
		{B1AB250A-0C5A-4EBF-8465-550EE3FB83D5}.Release|Any CPU.Build.0 = Release|Any CPU
		{AAA384CD-CBBF-4714-9C39-57D474C9CE9F}.Debug|Any CPU.ActiveCfg = Debug|Any CPU
		{AAA384CD-CBBF-4714-9C39-57D474C9CE9F}.Debug|Any CPU.Build.0 = Debug|Any CPU
		{AAA384CD-CBBF-4714-9C39-57D474C9CE9F}.Release|Any CPU.ActiveCfg = Release|Any CPU
		{AAA384CD-CBBF-4714-9C39-57D474C9CE9F}.Release|Any CPU.Build.0 = Release|Any CPU
	EndGlobalSection
	GlobalSection(SolutionProperties) = preSolution
		HideSolutionNode = FALSE
	EndGlobalSection
EndGlobal
